// !$*UTF8*$!
{
	archiveVersion = 1;
	classes = {
	};
	objectVersion = 56;
	objects = {

/* Begin PBXBuildFile section */
		84A8A51B29366E5000D0FBBD /* AppDelegate.swift in Sources */ = {isa = PBXBuildFile; fileRef = 84A8A51A29366E5000D0FBBD /* AppDelegate.swift */; };
		84A8A52229366E5000D0FBBD /* Main.storyboard in Resources */ = {isa = PBXBuildFile; fileRef = 84A8A52029366E5000D0FBBD /* Main.storyboard */; };
		84A8A52429366E5400D0FBBD /* Assets.xcassets in Resources */ = {isa = PBXBuildFile; fileRef = 84A8A52329366E5400D0FBBD /* Assets.xcassets */; };
		84A8A52729366E5400D0FBBD /* LaunchScreen.storyboard in Resources */ = {isa = PBXBuildFile; fileRef = 84A8A52529366E5400D0FBBD /* LaunchScreen.storyboard */; };
		84A8A53229366E5500D0FBBD /* BridgeTests.swift in Sources */ = {isa = PBXBuildFile; fileRef = 84A8A53129366E5500D0FBBD /* BridgeTests.swift */; };
		84A8A53C29366E5500D0FBBD /* BridgeUITests.swift in Sources */ = {isa = PBXBuildFile; fileRef = 84A8A53B29366E5500D0FBBD /* BridgeUITests.swift */; };
		84A8A53E29366E5500D0FBBD /* BridgeUITestsLaunchTests.swift in Sources */ = {isa = PBXBuildFile; fileRef = 84A8A53D29366E5500D0FBBD /* BridgeUITestsLaunchTests.swift */; };
		84A8A54E29366EA000D0FBBD /* BridgeVC.swift in Sources */ = {isa = PBXBuildFile; fileRef = 84A8A54D29366EA000D0FBBD /* BridgeVC.swift */; };
		84A8A55429366F9C00D0FBBD /* Abstraction.swift in Sources */ = {isa = PBXBuildFile; fileRef = 84A8A55329366F9C00D0FBBD /* Abstraction.swift */; };
		84A8A55629366FAD00D0FBBD /* ExtendedAbstraction.swift in Sources */ = {isa = PBXBuildFile; fileRef = 84A8A55529366FAD00D0FBBD /* ExtendedAbstraction.swift */; };
		84A8A55929366FC900D0FBBD /* Implementation.swift in Sources */ = {isa = PBXBuildFile; fileRef = 84A8A55829366FC900D0FBBD /* Implementation.swift */; };
		84A8A55B29366FD900D0FBBD /* ConcreteImplementationA.swift in Sources */ = {isa = PBXBuildFile; fileRef = 84A8A55A29366FD900D0FBBD /* ConcreteImplementationA.swift */; };
		84A8A55D29366FEF00D0FBBD /* ConcreteImplementationB.swift in Sources */ = {isa = PBXBuildFile; fileRef = 84A8A55C29366FEF00D0FBBD /* ConcreteImplementationB.swift */; };
		84A8A5602936701D00D0FBBD /* Client.swift in Sources */ = {isa = PBXBuildFile; fileRef = 84A8A55F2936701D00D0FBBD /* Client.swift */; };
		84A8A563293670FD00D0FBBD /* SharingSupportable.swift in Sources */ = {isa = PBXBuildFile; fileRef = 84A8A562293670FD00D0FBBD /* SharingSupportable.swift */; };
		84A8A5662936711500D0FBBD /* BaseViewController.swift in Sources */ = {isa = PBXBuildFile; fileRef = 84A8A5652936711500D0FBBD /* BaseViewController.swift */; };
		84A8A5692936713500D0FBBD /* PhotoViewController.swift in Sources */ = {isa = PBXBuildFile; fileRef = 84A8A5682936713500D0FBBD /* PhotoViewController.swift */; };
		84A8A56C2936717D00D0FBBD /* FeedViewController.swift in Sources */ = {isa = PBXBuildFile; fileRef = 84A8A56B2936717D00D0FBBD /* FeedViewController.swift */; };
		84A8A571293671CE00D0FBBD /* SharingService.swift in Sources */ = {isa = PBXBuildFile; fileRef = 84A8A570293671CE00D0FBBD /* SharingService.swift */; };
		84A8A574293671DF00D0FBBD /* FaceBookSharingService.swift in Sources */ = {isa = PBXBuildFile; fileRef = 84A8A573293671DF00D0FBBD /* FaceBookSharingService.swift */; };
		84A8A577293671FF00D0FBBD /* InstagramSharingService.swift in Sources */ = {isa = PBXBuildFile; fileRef = 84A8A576293671FF00D0FBBD /* InstagramSharingService.swift */; };
		84A8A57C2936724000D0FBBD /* Content.swift in Sources */ = {isa = PBXBuildFile; fileRef = 84A8A57B2936724000D0FBBD /* Content.swift */; };
		84A8A57E2936724C00D0FBBD /* FoodDomainModel.swift in Sources */ = {isa = PBXBuildFile; fileRef = 84A8A57D2936724C00D0FBBD /* FoodDomainModel.swift */; };
		84A8A5802936731C00D0FBBD /* Info.rtfd in Resources */ = {isa = PBXBuildFile; fileRef = 84A8A57F2936731C00D0FBBD /* Info.rtfd */; };
/* End PBXBuildFile section */

/* Begin PBXContainerItemProxy section */
		84A8A52E29366E5500D0FBBD /* PBXContainerItemProxy */ = {
			isa = PBXContainerItemProxy;
			containerPortal = 84A8A50F29366E5000D0FBBD /* Project object */;
			proxyType = 1;
			remoteGlobalIDString = 84A8A51629366E5000D0FBBD;
			remoteInfo = Bridge;
		};
		84A8A53829366E5500D0FBBD /* PBXContainerItemProxy */ = {
			isa = PBXContainerItemProxy;
			containerPortal = 84A8A50F29366E5000D0FBBD /* Project object */;
			proxyType = 1;
			remoteGlobalIDString = 84A8A51629366E5000D0FBBD;
			remoteInfo = Bridge;
		};
/* End PBXContainerItemProxy section */

/* Begin PBXFileReference section */
		84A8A51729366E5000D0FBBD /* Bridge.app */ = {isa = PBXFileReference; explicitFileType = wrapper.application; includeInIndex = 0; path = Bridge.app; sourceTree = BUILT_PRODUCTS_DIR; };
		84A8A51A29366E5000D0FBBD /* AppDelegate.swift */ = {isa = PBXFileReference; lastKnownFileType = sourcecode.swift; path = AppDelegate.swift; sourceTree = "<group>"; };
		84A8A52129366E5000D0FBBD /* Base */ = {isa = PBXFileReference; lastKnownFileType = file.storyboard; name = Base; path = Base.lproj/Main.storyboard; sourceTree = "<group>"; };
		84A8A52329366E5400D0FBBD /* Assets.xcassets */ = {isa = PBXFileReference; lastKnownFileType = folder.assetcatalog; path = Assets.xcassets; sourceTree = "<group>"; };
		84A8A52629366E5400D0FBBD /* Base */ = {isa = PBXFileReference; lastKnownFileType = file.storyboard; name = Base; path = Base.lproj/LaunchScreen.storyboard; sourceTree = "<group>"; };
		84A8A52829366E5400D0FBBD /* Info.plist */ = {isa = PBXFileReference; lastKnownFileType = text.plist.xml; path = Info.plist; sourceTree = "<group>"; };
		84A8A52D29366E5500D0FBBD /* BridgeTests.xctest */ = {isa = PBXFileReference; explicitFileType = wrapper.cfbundle; includeInIndex = 0; path = BridgeTests.xctest; sourceTree = BUILT_PRODUCTS_DIR; };
		84A8A53129366E5500D0FBBD /* BridgeTests.swift */ = {isa = PBXFileReference; lastKnownFileType = sourcecode.swift; path = BridgeTests.swift; sourceTree = "<group>"; };
		84A8A53729366E5500D0FBBD /* BridgeUITests.xctest */ = {isa = PBXFileReference; explicitFileType = wrapper.cfbundle; includeInIndex = 0; path = BridgeUITests.xctest; sourceTree = BUILT_PRODUCTS_DIR; };
		84A8A53B29366E5500D0FBBD /* BridgeUITests.swift */ = {isa = PBXFileReference; lastKnownFileType = sourcecode.swift; path = BridgeUITests.swift; sourceTree = "<group>"; };
		84A8A53D29366E5500D0FBBD /* BridgeUITestsLaunchTests.swift */ = {isa = PBXFileReference; lastKnownFileType = sourcecode.swift; path = BridgeUITestsLaunchTests.swift; sourceTree = "<group>"; };
		84A8A54D29366EA000D0FBBD /* BridgeVC.swift */ = {isa = PBXFileReference; lastKnownFileType = sourcecode.swift; path = BridgeVC.swift; sourceTree = "<group>"; };
		84A8A55329366F9C00D0FBBD /* Abstraction.swift */ = {isa = PBXFileReference; lastKnownFileType = sourcecode.swift; path = Abstraction.swift; sourceTree = "<group>"; };
		84A8A55529366FAD00D0FBBD /* ExtendedAbstraction.swift */ = {isa = PBXFileReference; lastKnownFileType = sourcecode.swift; path = ExtendedAbstraction.swift; sourceTree = "<group>"; };
		84A8A55829366FC900D0FBBD /* Implementation.swift */ = {isa = PBXFileReference; lastKnownFileType = sourcecode.swift; path = Implementation.swift; sourceTree = "<group>"; };
		84A8A55A29366FD900D0FBBD /* ConcreteImplementationA.swift */ = {isa = PBXFileReference; lastKnownFileType = sourcecode.swift; path = ConcreteImplementationA.swift; sourceTree = "<group>"; };
		84A8A55C29366FEF00D0FBBD /* ConcreteImplementationB.swift */ = {isa = PBXFileReference; lastKnownFileType = sourcecode.swift; path = ConcreteImplementationB.swift; sourceTree = "<group>"; };
		84A8A55F2936701D00D0FBBD /* Client.swift */ = {isa = PBXFileReference; lastKnownFileType = sourcecode.swift; path = Client.swift; sourceTree = "<group>"; };
		84A8A562293670FD00D0FBBD /* SharingSupportable.swift */ = {isa = PBXFileReference; lastKnownFileType = sourcecode.swift; path = SharingSupportable.swift; sourceTree = "<group>"; };
		84A8A5652936711500D0FBBD /* BaseViewController.swift */ = {isa = PBXFileReference; lastKnownFileType = sourcecode.swift; path = BaseViewController.swift; sourceTree = "<group>"; };
		84A8A5682936713500D0FBBD /* PhotoViewController.swift */ = {isa = PBXFileReference; lastKnownFileType = sourcecode.swift; path = PhotoViewController.swift; sourceTree = "<group>"; };
		84A8A56B2936717D00D0FBBD /* FeedViewController.swift */ = {isa = PBXFileReference; lastKnownFileType = sourcecode.swift; path = FeedViewController.swift; sourceTree = "<group>"; };
		84A8A570293671CE00D0FBBD /* SharingService.swift */ = {isa = PBXFileReference; lastKnownFileType = sourcecode.swift; path = SharingService.swift; sourceTree = "<group>"; };
		84A8A573293671DF00D0FBBD /* FaceBookSharingService.swift */ = {isa = PBXFileReference; lastKnownFileType = sourcecode.swift; path = FaceBookSharingService.swift; sourceTree = "<group>"; };
		84A8A576293671FF00D0FBBD /* InstagramSharingService.swift */ = {isa = PBXFileReference; lastKnownFileType = sourcecode.swift; path = InstagramSharingService.swift; sourceTree = "<group>"; };
		84A8A57B2936724000D0FBBD /* Content.swift */ = {isa = PBXFileReference; lastKnownFileType = sourcecode.swift; path = Content.swift; sourceTree = "<group>"; };
		84A8A57D2936724C00D0FBBD /* FoodDomainModel.swift */ = {isa = PBXFileReference; lastKnownFileType = sourcecode.swift; path = FoodDomainModel.swift; sourceTree = "<group>"; };
		84A8A57F2936731C00D0FBBD /* Info.rtfd */ = {isa = PBXFileReference; lastKnownFileType = wrapper.rtfd; path = Info.rtfd; sourceTree = "<group>"; };
/* End PBXFileReference section */

/* Begin PBXFrameworksBuildPhase section */
		84A8A51429366E5000D0FBBD /* Frameworks */ = {
			isa = PBXFrameworksBuildPhase;
			buildActionMask = 2147483647;
			files = (
			);
			runOnlyForDeploymentPostprocessing = 0;
		};
		84A8A52A29366E5500D0FBBD /* Frameworks */ = {
			isa = PBXFrameworksBuildPhase;
			buildActionMask = 2147483647;
			files = (
			);
			runOnlyForDeploymentPostprocessing = 0;
		};
		84A8A53429366E5500D0FBBD /* Frameworks */ = {
			isa = PBXFrameworksBuildPhase;
			buildActionMask = 2147483647;
			files = (
			);
			runOnlyForDeploymentPostprocessing = 0;
		};
/* End PBXFrameworksBuildPhase section */

/* Begin PBXGroup section */
		84A8A50E29366E5000D0FBBD = {
			isa = PBXGroup;
			children = (
				84A8A51929366E5000D0FBBD /* Bridge */,
				84A8A53029366E5500D0FBBD /* BridgeTests */,
				84A8A53A29366E5500D0FBBD /* BridgeUITests */,
				84A8A51829366E5000D0FBBD /* Products */,
			);
			sourceTree = "<group>";
		};
		84A8A51829366E5000D0FBBD /* Products */ = {
			isa = PBXGroup;
			children = (
				84A8A51729366E5000D0FBBD /* Bridge.app */,
				84A8A52D29366E5500D0FBBD /* BridgeTests.xctest */,
				84A8A53729366E5500D0FBBD /* BridgeUITests.xctest */,
			);
			name = Products;
			sourceTree = "<group>";
		};
		84A8A51929366E5000D0FBBD /* Bridge */ = {
			isa = PBXGroup;
			children = (
				84A8A51A29366E5000D0FBBD /* AppDelegate.swift */,
				84A8A55129366ECE00D0FBBD /* Example */,
				84A8A54F29366EC000D0FBBD /* Concept */,
				84A8A54B29366E8100D0FBBD /* ViewController's */,
				84A8A54A29366E7900D0FBBD /* Storyboards */,
				84A8A52329366E5400D0FBBD /* Assets.xcassets */,
				84A8A52829366E5400D0FBBD /* Info.plist */,
				84A8A57F2936731C00D0FBBD /* Info.rtfd */,
			);
			path = Bridge;
			sourceTree = "<group>";
		};
		84A8A53029366E5500D0FBBD /* BridgeTests */ = {
			isa = PBXGroup;
			children = (
				84A8A53129366E5500D0FBBD /* BridgeTests.swift */,
			);
			path = BridgeTests;
			sourceTree = "<group>";
		};
		84A8A53A29366E5500D0FBBD /* BridgeUITests */ = {
			isa = PBXGroup;
			children = (
				84A8A53B29366E5500D0FBBD /* BridgeUITests.swift */,
				84A8A53D29366E5500D0FBBD /* BridgeUITestsLaunchTests.swift */,
			);
			path = BridgeUITests;
			sourceTree = "<group>";
		};
		84A8A54A29366E7900D0FBBD /* Storyboards */ = {
			isa = PBXGroup;
			children = (
				84A8A52029366E5000D0FBBD /* Main.storyboard */,
				84A8A52529366E5400D0FBBD /* LaunchScreen.storyboard */,
			);
			path = Storyboards;
			sourceTree = "<group>";
		};
		84A8A54B29366E8100D0FBBD /* ViewController's */ = {
			isa = PBXGroup;
			children = (
				84A8A54C29366E8900D0FBBD /* BridgeVC */,
			);
			path = "ViewController's";
			sourceTree = "<group>";
		};
		84A8A54C29366E8900D0FBBD /* BridgeVC */ = {
			isa = PBXGroup;
			children = (
				84A8A54D29366EA000D0FBBD /* BridgeVC.swift */,
			);
			path = BridgeVC;
			sourceTree = "<group>";
		};
		84A8A54F29366EC000D0FBBD /* Concept */ = {
			isa = PBXGroup;
			children = (
				84A8A55229366F9500D0FBBD /* Abstraction */,
				84A8A55729366FBB00D0FBBD /* Implementation */,
				84A8A55E2936701100D0FBBD /* Client */,
			);
			path = Concept;
			sourceTree = "<group>";
		};
		84A8A55129366ECE00D0FBBD /* Example */ = {
			isa = PBXGroup;
			children = (
				84A8A56D2936719800D0FBBD /* ViewController's */,
				84A8A56E293671AF00D0FBBD /* Sharing */,
				84A8A5782936721700D0FBBD /* Models */,
			);
			path = Example;
			sourceTree = "<group>";
		};
		84A8A55229366F9500D0FBBD /* Abstraction */ = {
			isa = PBXGroup;
			children = (
				84A8A55329366F9C00D0FBBD /* Abstraction.swift */,
				84A8A55529366FAD00D0FBBD /* ExtendedAbstraction.swift */,
			);
			path = Abstraction;
			sourceTree = "<group>";
		};
		84A8A55729366FBB00D0FBBD /* Implementation */ = {
			isa = PBXGroup;
			children = (
				84A8A55829366FC900D0FBBD /* Implementation.swift */,
				84A8A55A29366FD900D0FBBD /* ConcreteImplementationA.swift */,
				84A8A55C29366FEF00D0FBBD /* ConcreteImplementationB.swift */,
			);
			path = Implementation;
			sourceTree = "<group>";
		};
		84A8A55E2936701100D0FBBD /* Client */ = {
			isa = PBXGroup;
			children = (
				84A8A55F2936701D00D0FBBD /* Client.swift */,
			);
			path = Client;
			sourceTree = "<group>";
		};
		84A8A561293670B300D0FBBD /* SharingSupportable */ = {
			isa = PBXGroup;
			children = (
				84A8A562293670FD00D0FBBD /* SharingSupportable.swift */,
			);
			path = SharingSupportable;
			sourceTree = "<group>";
		};
		84A8A5642936710C00D0FBBD /* BaseViewController */ = {
			isa = PBXGroup;
			children = (
				84A8A5652936711500D0FBBD /* BaseViewController.swift */,
			);
			path = BaseViewController;
			sourceTree = "<group>";
		};
		84A8A5672936712E00D0FBBD /* PhotoViewController */ = {
			isa = PBXGroup;
			children = (
				84A8A5682936713500D0FBBD /* PhotoViewController.swift */,
			);
			path = PhotoViewController;
			sourceTree = "<group>";
		};
		84A8A56A2936716B00D0FBBD /* FeedViewController */ = {
			isa = PBXGroup;
			children = (
				84A8A56B2936717D00D0FBBD /* FeedViewController.swift */,
			);
			path = FeedViewController;
			sourceTree = "<group>";
		};
		84A8A56D2936719800D0FBBD /* ViewController's */ = {
			isa = PBXGroup;
			children = (
				84A8A5642936710C00D0FBBD /* BaseViewController */,
				84A8A56A2936716B00D0FBBD /* FeedViewController */,
				84A8A5672936712E00D0FBBD /* PhotoViewController */,
			);
			path = "ViewController's";
			sourceTree = "<group>";
		};
		84A8A56E293671AF00D0FBBD /* Sharing */ = {
			isa = PBXGroup;
			children = (
				84A8A56F293671BB00D0FBBD /* SharingService */,
				84A8A561293670B300D0FBBD /* SharingSupportable */,
				84A8A572293671D800D0FBBD /* FaceBookSharingService */,
				84A8A575293671F300D0FBBD /* InstagramSharingService */,
			);
			path = Sharing;
			sourceTree = "<group>";
		};
		84A8A56F293671BB00D0FBBD /* SharingService */ = {
			isa = PBXGroup;
			children = (
				84A8A570293671CE00D0FBBD /* SharingService.swift */,
			);
			path = SharingService;
			sourceTree = "<group>";
		};
		84A8A572293671D800D0FBBD /* FaceBookSharingService */ = {
			isa = PBXGroup;
			children = (
				84A8A573293671DF00D0FBBD /* FaceBookSharingService.swift */,
			);
			path = FaceBookSharingService;
			sourceTree = "<group>";
		};
		84A8A575293671F300D0FBBD /* InstagramSharingService */ = {
			isa = PBXGroup;
			children = (
				84A8A576293671FF00D0FBBD /* InstagramSharingService.swift */,
			);
			path = InstagramSharingService;
			sourceTree = "<group>";
		};
		84A8A5782936721700D0FBBD /* Models */ = {
			isa = PBXGroup;
			children = (
				84A8A57A2936722C00D0FBBD /* Content */,
				84A8A57D2936724C00D0FBBD /* FoodDomainModel.swift */,
			);
			path = Models;
			sourceTree = "<group>";
		};
		84A8A57A2936722C00D0FBBD /* Content */ = {
			isa = PBXGroup;
			children = (
				84A8A57B2936724000D0FBBD /* Content.swift */,
			);
			path = Content;
			sourceTree = "<group>";
		};
/* End PBXGroup section */

/* Begin PBXNativeTarget section */
		84A8A51629366E5000D0FBBD /* Bridge */ = {
			isa = PBXNativeTarget;
			buildConfigurationList = 84A8A54129366E5500D0FBBD /* Build configuration list for PBXNativeTarget "Bridge" */;
			buildPhases = (
				84A8A51329366E5000D0FBBD /* Sources */,
				84A8A51429366E5000D0FBBD /* Frameworks */,
				84A8A51529366E5000D0FBBD /* Resources */,
			);
			buildRules = (
			);
			dependencies = (
			);
			name = Bridge;
			productName = Bridge;
			productReference = 84A8A51729366E5000D0FBBD /* Bridge.app */;
			productType = "com.apple.product-type.application";
		};
		84A8A52C29366E5500D0FBBD /* BridgeTests */ = {
			isa = PBXNativeTarget;
			buildConfigurationList = 84A8A54429366E5500D0FBBD /* Build configuration list for PBXNativeTarget "BridgeTests" */;
			buildPhases = (
				84A8A52929366E5500D0FBBD /* Sources */,
				84A8A52A29366E5500D0FBBD /* Frameworks */,
				84A8A52B29366E5500D0FBBD /* Resources */,
			);
			buildRules = (
			);
			dependencies = (
				84A8A52F29366E5500D0FBBD /* PBXTargetDependency */,
			);
			name = BridgeTests;
			productName = BridgeTests;
			productReference = 84A8A52D29366E5500D0FBBD /* BridgeTests.xctest */;
			productType = "com.apple.product-type.bundle.unit-test";
		};
		84A8A53629366E5500D0FBBD /* BridgeUITests */ = {
			isa = PBXNativeTarget;
			buildConfigurationList = 84A8A54729366E5500D0FBBD /* Build configuration list for PBXNativeTarget "BridgeUITests" */;
			buildPhases = (
				84A8A53329366E5500D0FBBD /* Sources */,
				84A8A53429366E5500D0FBBD /* Frameworks */,
				84A8A53529366E5500D0FBBD /* Resources */,
			);
			buildRules = (
			);
			dependencies = (
				84A8A53929366E5500D0FBBD /* PBXTargetDependency */,
			);
			name = BridgeUITests;
			productName = BridgeUITests;
			productReference = 84A8A53729366E5500D0FBBD /* BridgeUITests.xctest */;
			productType = "com.apple.product-type.bundle.ui-testing";
		};
/* End PBXNativeTarget section */

/* Begin PBXProject section */
		84A8A50F29366E5000D0FBBD /* Project object */ = {
			isa = PBXProject;
			attributes = {
				BuildIndependentTargetsInParallel = 1;
				LastSwiftUpdateCheck = 1400;
				LastUpgradeCheck = 1400;
				TargetAttributes = {
					84A8A51629366E5000D0FBBD = {
						CreatedOnToolsVersion = 14.0.1;
					};
					84A8A52C29366E5500D0FBBD = {
						CreatedOnToolsVersion = 14.0.1;
						TestTargetID = 84A8A51629366E5000D0FBBD;
					};
					84A8A53629366E5500D0FBBD = {
						CreatedOnToolsVersion = 14.0.1;
						TestTargetID = 84A8A51629366E5000D0FBBD;
					};
				};
			};
			buildConfigurationList = 84A8A51229366E5000D0FBBD /* Build configuration list for PBXProject "Bridge" */;
			compatibilityVersion = "Xcode 14.0";
			developmentRegion = en;
			hasScannedForEncodings = 0;
			knownRegions = (
				en,
				Base,
			);
			mainGroup = 84A8A50E29366E5000D0FBBD;
			productRefGroup = 84A8A51829366E5000D0FBBD /* Products */;
			projectDirPath = "";
			projectRoot = "";
			targets = (
				84A8A51629366E5000D0FBBD /* Bridge */,
				84A8A52C29366E5500D0FBBD /* BridgeTests */,
				84A8A53629366E5500D0FBBD /* BridgeUITests */,
			);
		};
/* End PBXProject section */

/* Begin PBXResourcesBuildPhase section */
		84A8A51529366E5000D0FBBD /* Resources */ = {
			isa = PBXResourcesBuildPhase;
			buildActionMask = 2147483647;
			files = (
				84A8A52729366E5400D0FBBD /* LaunchScreen.storyboard in Resources */,
				84A8A52429366E5400D0FBBD /* Assets.xcassets in Resources */,
				84A8A5802936731C00D0FBBD /* Info.rtfd in Resources */,
				84A8A52229366E5000D0FBBD /* Main.storyboard in Resources */,
			);
			runOnlyForDeploymentPostprocessing = 0;
		};
		84A8A52B29366E5500D0FBBD /* Resources */ = {
			isa = PBXResourcesBuildPhase;
			buildActionMask = 2147483647;
			files = (
			);
			runOnlyForDeploymentPostprocessing = 0;
		};
		84A8A53529366E5500D0FBBD /* Resources */ = {
			isa = PBXResourcesBuildPhase;
			buildActionMask = 2147483647;
			files = (
			);
			runOnlyForDeploymentPostprocessing = 0;
		};
/* End PBXResourcesBuildPhase section */

/* Begin PBXSourcesBuildPhase section */
		84A8A51329366E5000D0FBBD /* Sources */ = {
			isa = PBXSourcesBuildPhase;
			buildActionMask = 2147483647;
			files = (
				84A8A55D29366FEF00D0FBBD /* ConcreteImplementationB.swift in Sources */,
				84A8A577293671FF00D0FBBD /* InstagramSharingService.swift in Sources */,
				84A8A563293670FD00D0FBBD /* SharingSupportable.swift in Sources */,
				84A8A57C2936724000D0FBBD /* Content.swift in Sources */,
				84A8A55929366FC900D0FBBD /* Implementation.swift in Sources */,
				84A8A571293671CE00D0FBBD /* SharingService.swift in Sources */,
				84A8A574293671DF00D0FBBD /* FaceBookSharingService.swift in Sources */,
				84A8A51B29366E5000D0FBBD /* AppDelegate.swift in Sources */,
				84A8A54E29366EA000D0FBBD /* BridgeVC.swift in Sources */,
				84A8A57E2936724C00D0FBBD /* FoodDomainModel.swift in Sources */,
				84A8A5662936711500D0FBBD /* BaseViewController.swift in Sources */,
				84A8A55429366F9C00D0FBBD /* Abstraction.swift in Sources */,
				84A8A55B29366FD900D0FBBD /* ConcreteImplementationA.swift in Sources */,
				84A8A5602936701D00D0FBBD /* Client.swift in Sources */,
				84A8A55629366FAD00D0FBBD /* ExtendedAbstraction.swift in Sources */,
				84A8A56C2936717D00D0FBBD /* FeedViewController.swift in Sources */,
				84A8A5692936713500D0FBBD /* PhotoViewController.swift in Sources */,
			);
			runOnlyForDeploymentPostprocessing = 0;
		};
		84A8A52929366E5500D0FBBD /* Sources */ = {
			isa = PBXSourcesBuildPhase;
			buildActionMask = 2147483647;
			files = (
				84A8A53229366E5500D0FBBD /* BridgeTests.swift in Sources */,
			);
			runOnlyForDeploymentPostprocessing = 0;
		};
		84A8A53329366E5500D0FBBD /* Sources */ = {
			isa = PBXSourcesBuildPhase;
			buildActionMask = 2147483647;
			files = (
				84A8A53C29366E5500D0FBBD /* BridgeUITests.swift in Sources */,
				84A8A53E29366E5500D0FBBD /* BridgeUITestsLaunchTests.swift in Sources */,
			);
			runOnlyForDeploymentPostprocessing = 0;
		};
/* End PBXSourcesBuildPhase section */

/* Begin PBXTargetDependency section */
		84A8A52F29366E5500D0FBBD /* PBXTargetDependency */ = {
			isa = PBXTargetDependency;
			target = 84A8A51629366E5000D0FBBD /* Bridge */;
			targetProxy = 84A8A52E29366E5500D0FBBD /* PBXContainerItemProxy */;
		};
		84A8A53929366E5500D0FBBD /* PBXTargetDependency */ = {
			isa = PBXTargetDependency;
			target = 84A8A51629366E5000D0FBBD /* Bridge */;
			targetProxy = 84A8A53829366E5500D0FBBD /* PBXContainerItemProxy */;
		};
/* End PBXTargetDependency section */

/* Begin PBXVariantGroup section */
		84A8A52029366E5000D0FBBD /* Main.storyboard */ = {
			isa = PBXVariantGroup;
			children = (
				84A8A52129366E5000D0FBBD /* Base */,
			);
			name = Main.storyboard;
			sourceTree = "<group>";
		};
		84A8A52529366E5400D0FBBD /* LaunchScreen.storyboard */ = {
			isa = PBXVariantGroup;
			children = (
				84A8A52629366E5400D0FBBD /* Base */,
			);
			name = LaunchScreen.storyboard;
			sourceTree = "<group>";
		};
/* End PBXVariantGroup section */

/* Begin XCBuildConfiguration section */
		84A8A53F29366E5500D0FBBD /* Debug */ = {
			isa = XCBuildConfiguration;
			buildSettings = {
				ALWAYS_SEARCH_USER_PATHS = NO;
				CLANG_ANALYZER_NONNULL = YES;
				CLANG_ANALYZER_NUMBER_OBJECT_CONVERSION = YES_AGGRESSIVE;
				CLANG_CXX_LANGUAGE_STANDARD = "gnu++20";
				CLANG_ENABLE_MODULES = YES;
				CLANG_ENABLE_OBJC_ARC = YES;
				CLANG_ENABLE_OBJC_WEAK = YES;
				CLANG_WARN_BLOCK_CAPTURE_AUTORELEASING = YES;
				CLANG_WARN_BOOL_CONVERSION = YES;
				CLANG_WARN_COMMA = YES;
				CLANG_WARN_CONSTANT_CONVERSION = YES;
				CLANG_WARN_DEPRECATED_OBJC_IMPLEMENTATIONS = YES;
				CLANG_WARN_DIRECT_OBJC_ISA_USAGE = YES_ERROR;
				CLANG_WARN_DOCUMENTATION_COMMENTS = YES;
				CLANG_WARN_EMPTY_BODY = YES;
				CLANG_WARN_ENUM_CONVERSION = YES;
				CLANG_WARN_INFINITE_RECURSION = YES;
				CLANG_WARN_INT_CONVERSION = YES;
				CLANG_WARN_NON_LITERAL_NULL_CONVERSION = YES;
				CLANG_WARN_OBJC_IMPLICIT_RETAIN_SELF = YES;
				CLANG_WARN_OBJC_LITERAL_CONVERSION = YES;
				CLANG_WARN_OBJC_ROOT_CLASS = YES_ERROR;
				CLANG_WARN_QUOTED_INCLUDE_IN_FRAMEWORK_HEADER = YES;
				CLANG_WARN_RANGE_LOOP_ANALYSIS = YES;
				CLANG_WARN_STRICT_PROTOTYPES = YES;
				CLANG_WARN_SUSPICIOUS_MOVE = YES;
				CLANG_WARN_UNGUARDED_AVAILABILITY = YES_AGGRESSIVE;
				CLANG_WARN_UNREACHABLE_CODE = YES;
				CLANG_WARN__DUPLICATE_METHOD_MATCH = YES;
				COPY_PHASE_STRIP = NO;
				DEBUG_INFORMATION_FORMAT = dwarf;
				ENABLE_STRICT_OBJC_MSGSEND = YES;
				ENABLE_TESTABILITY = YES;
				GCC_C_LANGUAGE_STANDARD = gnu11;
				GCC_DYNAMIC_NO_PIC = NO;
				GCC_NO_COMMON_BLOCKS = YES;
				GCC_OPTIMIZATION_LEVEL = 0;
				GCC_PREPROCESSOR_DEFINITIONS = (
					"DEBUG=1",
					"$(inherited)",
				);
				GCC_WARN_64_TO_32_BIT_CONVERSION = YES;
				GCC_WARN_ABOUT_RETURN_TYPE = YES_ERROR;
				GCC_WARN_UNDECLARED_SELECTOR = YES;
				GCC_WARN_UNINITIALIZED_AUTOS = YES_AGGRESSIVE;
				GCC_WARN_UNUSED_FUNCTION = YES;
				GCC_WARN_UNUSED_VARIABLE = YES;
				IPHONEOS_DEPLOYMENT_TARGET = 16.0;
				MTL_ENABLE_DEBUG_INFO = INCLUDE_SOURCE;
				MTL_FAST_MATH = YES;
				ONLY_ACTIVE_ARCH = YES;
				SDKROOT = iphoneos;
				SWIFT_ACTIVE_COMPILATION_CONDITIONS = DEBUG;
				SWIFT_OPTIMIZATION_LEVEL = "-Onone";
			};
			name = Debug;
		};
		84A8A54029366E5500D0FBBD /* Release */ = {
			isa = XCBuildConfiguration;
			buildSettings = {
				ALWAYS_SEARCH_USER_PATHS = NO;
				CLANG_ANALYZER_NONNULL = YES;
				CLANG_ANALYZER_NUMBER_OBJECT_CONVERSION = YES_AGGRESSIVE;
				CLANG_CXX_LANGUAGE_STANDARD = "gnu++20";
				CLANG_ENABLE_MODULES = YES;
				CLANG_ENABLE_OBJC_ARC = YES;
				CLANG_ENABLE_OBJC_WEAK = YES;
				CLANG_WARN_BLOCK_CAPTURE_AUTORELEASING = YES;
				CLANG_WARN_BOOL_CONVERSION = YES;
				CLANG_WARN_COMMA = YES;
				CLANG_WARN_CONSTANT_CONVERSION = YES;
				CLANG_WARN_DEPRECATED_OBJC_IMPLEMENTATIONS = YES;
				CLANG_WARN_DIRECT_OBJC_ISA_USAGE = YES_ERROR;
				CLANG_WARN_DOCUMENTATION_COMMENTS = YES;
				CLANG_WARN_EMPTY_BODY = YES;
				CLANG_WARN_ENUM_CONVERSION = YES;
				CLANG_WARN_INFINITE_RECURSION = YES;
				CLANG_WARN_INT_CONVERSION = YES;
				CLANG_WARN_NON_LITERAL_NULL_CONVERSION = YES;
				CLANG_WARN_OBJC_IMPLICIT_RETAIN_SELF = YES;
				CLANG_WARN_OBJC_LITERAL_CONVERSION = YES;
				CLANG_WARN_OBJC_ROOT_CLASS = YES_ERROR;
				CLANG_WARN_QUOTED_INCLUDE_IN_FRAMEWORK_HEADER = YES;
				CLANG_WARN_RANGE_LOOP_ANALYSIS = YES;
				CLANG_WARN_STRICT_PROTOTYPES = YES;
				CLANG_WARN_SUSPICIOUS_MOVE = YES;
				CLANG_WARN_UNGUARDED_AVAILABILITY = YES_AGGRESSIVE;
				CLANG_WARN_UNREACHABLE_CODE = YES;
				CLANG_WARN__DUPLICATE_METHOD_MATCH = YES;
				COPY_PHASE_STRIP = NO;
				DEBUG_INFORMATION_FORMAT = "dwarf-with-dsym";
				ENABLE_NS_ASSERTIONS = NO;
				ENABLE_STRICT_OBJC_MSGSEND = YES;
				GCC_C_LANGUAGE_STANDARD = gnu11;
				GCC_NO_COMMON_BLOCKS = YES;
				GCC_WARN_64_TO_32_BIT_CONVERSION = YES;
				GCC_WARN_ABOUT_RETURN_TYPE = YES_ERROR;
				GCC_WARN_UNDECLARED_SELECTOR = YES;
				GCC_WARN_UNINITIALIZED_AUTOS = YES_AGGRESSIVE;
				GCC_WARN_UNUSED_FUNCTION = YES;
				GCC_WARN_UNUSED_VARIABLE = YES;
				IPHONEOS_DEPLOYMENT_TARGET = 16.0;
				MTL_ENABLE_DEBUG_INFO = NO;
				MTL_FAST_MATH = YES;
				SDKROOT = iphoneos;
				SWIFT_COMPILATION_MODE = wholemodule;
				SWIFT_OPTIMIZATION_LEVEL = "-O";
				VALIDATE_PRODUCT = YES;
			};
			name = Release;
		};
		84A8A54229366E5500D0FBBD /* Debug */ = {
			isa = XCBuildConfiguration;
			buildSettings = {
				ASSETCATALOG_COMPILER_APPICON_NAME = AppIcon;
				ASSETCATALOG_COMPILER_GLOBAL_ACCENT_COLOR_NAME = AccentColor;
				CODE_SIGN_STYLE = Automatic;
				CURRENT_PROJECT_VERSION = 1;
				DEVELOPMENT_TEAM = N4M3759P9C;
				GENERATE_INFOPLIST_FILE = YES;
				INFOPLIST_FILE = Bridge/Info.plist;
				INFOPLIST_KEY_UIApplicationSupportsIndirectInputEvents = YES;
				INFOPLIST_KEY_UILaunchStoryboardName = LaunchScreen;
				INFOPLIST_KEY_UIMainStoryboardFile = Main;
				INFOPLIST_KEY_UISupportedInterfaceOrientations = UIInterfaceOrientationPortrait;
				LD_RUNPATH_SEARCH_PATHS = (
					"$(inherited)",
					"@executable_path/Frameworks",
				);
				MARKETING_VERSION = 1.0;
				PRODUCT_BUNDLE_IDENTIFIER = com.Bridge;
				PRODUCT_NAME = "$(TARGET_NAME)";
				SUPPORTED_PLATFORMS = "iphoneos iphonesimulator";
				SUPPORTS_MACCATALYST = NO;
				SUPPORTS_MAC_DESIGNED_FOR_IPHONE_IPAD = NO;
				SWIFT_EMIT_LOC_STRINGS = YES;
				SWIFT_VERSION = 5.0;
				TARGETED_DEVICE_FAMILY = 1;
			};
			name = Debug;
		};
		84A8A54329366E5500D0FBBD /* Release */ = {
			isa = XCBuildConfiguration;
			buildSettings = {
				ASSETCATALOG_COMPILER_APPICON_NAME = AppIcon;
				ASSETCATALOG_COMPILER_GLOBAL_ACCENT_COLOR_NAME = AccentColor;
				CODE_SIGN_STYLE = Automatic;
				CURRENT_PROJECT_VERSION = 1;
				DEVELOPMENT_TEAM = N4M3759P9C;
				GENERATE_INFOPLIST_FILE = YES;
				INFOPLIST_FILE = Bridge/Info.plist;
				INFOPLIST_KEY_UIApplicationSupportsIndirectInputEvents = YES;
				INFOPLIST_KEY_UILaunchStoryboardName = LaunchScreen;
				INFOPLIST_KEY_UIMainStoryboardFile = Main;
				INFOPLIST_KEY_UISupportedInterfaceOrientations = UIInterfaceOrientationPortrait;
				LD_RUNPATH_SEARCH_PATHS = (
					"$(inherited)",
					"@executable_path/Frameworks",
				);
				MARKETING_VERSION = 1.0;
				PRODUCT_BUNDLE_IDENTIFIER = com.Bridge;
				PRODUCT_NAME = "$(TARGET_NAME)";
				SUPPORTED_PLATFORMS = "iphoneos iphonesimulator";
				SUPPORTS_MACCATALYST = NO;
				SUPPORTS_MAC_DESIGNED_FOR_IPHONE_IPAD = NO;
				SWIFT_EMIT_LOC_STRINGS = YES;
				SWIFT_VERSION = 5.0;
				TARGETED_DEVICE_FAMILY = 1;
			};
			name = Release;
		};
		84A8A54529366E5500D0FBBD /* Debug */ = {
			isa = XCBuildConfiguration;
			buildSettings = {
				ALWAYS_EMBED_SWIFT_STANDARD_LIBRARIES = YES;
				BUNDLE_LOADER = "$(TEST_HOST)";
				CODE_SIGN_STYLE = Automatic;
				CURRENT_PROJECT_VERSION = 1;
				DEVELOPMENT_TEAM = N4M3759P9C;
				GENERATE_INFOPLIST_FILE = YES;
				IPHONEOS_DEPLOYMENT_TARGET = 16.0;
				MARKETING_VERSION = 1.0;
				PRODUCT_BUNDLE_IDENTIFIER = com.BridgeTests;
				PRODUCT_NAME = "$(TARGET_NAME)";
				SWIFT_EMIT_LOC_STRINGS = NO;
				SWIFT_VERSION = 5.0;
				TARGETED_DEVICE_FAMILY = "1,2";
				TEST_HOST = "$(BUILT_PRODUCTS_DIR)/Bridge.app/$(BUNDLE_EXECUTABLE_FOLDER_PATH)/Bridge";
			};
			name = Debug;
		};
		84A8A54629366E5500D0FBBD /* Release */ = {
			isa = XCBuildConfiguration;
			buildSettings = {
				ALWAYS_EMBED_SWIFT_STANDARD_LIBRARIES = YES;
				BUNDLE_LOADER = "$(TEST_HOST)";
				CODE_SIGN_STYLE = Automatic;
				CURRENT_PROJECT_VERSION = 1;
				DEVELOPMENT_TEAM = N4M3759P9C;
				GENERATE_INFOPLIST_FILE = YES;
				IPHONEOS_DEPLOYMENT_TARGET = 16.0;
				MARKETING_VERSION = 1.0;
				PRODUCT_BUNDLE_IDENTIFIER = com.BridgeTests;
				PRODUCT_NAME = "$(TARGET_NAME)";
				SWIFT_EMIT_LOC_STRINGS = NO;
				SWIFT_VERSION = 5.0;
				TARGETED_DEVICE_FAMILY = "1,2";
				TEST_HOST = "$(BUILT_PRODUCTS_DIR)/Bridge.app/$(BUNDLE_EXECUTABLE_FOLDER_PATH)/Bridge";
			};
			name = Release;
		};
		84A8A54829366E5500D0FBBD /* Debug */ = {
			isa = XCBuildConfiguration;
			buildSettings = {
				ALWAYS_EMBED_SWIFT_STANDARD_LIBRARIES = YES;
				CODE_SIGN_STYLE = Automatic;
				CURRENT_PROJECT_VERSION = 1;
				DEVELOPMENT_TEAM = N4M3759P9C;
				GENERATE_INFOPLIST_FILE = YES;
				MARKETING_VERSION = 1.0;
				PRODUCT_BUNDLE_IDENTIFIER = com.BridgeUITests;
				PRODUCT_NAME = "$(TARGET_NAME)";
				SWIFT_EMIT_LOC_STRINGS = NO;
				SWIFT_VERSION = 5.0;
				TARGETED_DEVICE_FAMILY = "1,2";
				TEST_TARGET_NAME = Bridge;
			};
			name = Debug;
		};
		84A8A54929366E5500D0FBBD /* Release */ = {
			isa = XCBuildConfiguration;
			buildSettings = {
				ALWAYS_EMBED_SWIFT_STANDARD_LIBRARIES = YES;
				CODE_SIGN_STYLE = Automatic;
				CURRENT_PROJECT_VERSION = 1;
				DEVELOPMENT_TEAM = N4M3759P9C;
				GENERATE_INFOPLIST_FILE = YES;
				MARKETING_VERSION = 1.0;
				PRODUCT_BUNDLE_IDENTIFIER = com.BridgeUITests;
				PRODUCT_NAME = "$(TARGET_NAME)";
				SWIFT_EMIT_LOC_STRINGS = NO;
				SWIFT_VERSION = 5.0;
				TARGETED_DEVICE_FAMILY = "1,2";
				TEST_TARGET_NAME = Bridge;
			};
			name = Release;
		};
/* End XCBuildConfiguration section */

/* Begin XCConfigurationList section */
		84A8A51229366E5000D0FBBD /* Build configuration list for PBXProject "Bridge" */ = {
			isa = XCConfigurationList;
			buildConfigurations = (
				84A8A53F29366E5500D0FBBD /* Debug */,
				84A8A54029366E5500D0FBBD /* Release */,
			);
			defaultConfigurationIsVisible = 0;
			defaultConfigurationName = Release;
		};
		84A8A54129366E5500D0FBBD /* Build configuration list for PBXNativeTarget "Bridge" */ = {
			isa = XCConfigurationList;
			buildConfigurations = (
				84A8A54229366E5500D0FBBD /* Debug */,
				84A8A54329366E5500D0FBBD /* Release */,
			);
			defaultConfigurationIsVisible = 0;
			defaultConfigurationName = Release;
		};
		84A8A54429366E5500D0FBBD /* Build configuration list for PBXNativeTarget "BridgeTests" */ = {
			isa = XCConfigurationList;
			buildConfigurations = (
				84A8A54529366E5500D0FBBD /* Debug */,
				84A8A54629366E5500D0FBBD /* Release */,
			);
			defaultConfigurationIsVisible = 0;
			defaultConfigurationName = Release;
		};
		84A8A54729366E5500D0FBBD /* Build configuration list for PBXNativeTarget "BridgeUITests" */ = {
			isa = XCConfigurationList;
			buildConfigurations = (
				84A8A54829366E5500D0FBBD /* Debug */,
				84A8A54929366E5500D0FBBD /* Release */,
			);
			defaultConfigurationIsVisible = 0;
			defaultConfigurationName = Release;
		};
/* End XCConfigurationList section */
	};
	rootObject = 84A8A50F29366E5000D0FBBD /* Project object */;
}
